
Microsoft Visual Studio Solution File, Format Version 12.00
# Visual Studio 15
VisualStudioVersion = 15.0.27130.2010
MinimumVisualStudioVersion = 10.0.40219.1
Project("{2150E333-8FDC-42A3-9474-1A3956D46DE8}") = "Platforms", "Platforms", "{0F5E09A9-1DEC-4BBF-8068-A07DCFC68F1A}"
EndProject
Project("{2150E333-8FDC-42A3-9474-1A3956D46DE8}") = "Tests", "Tests", "{C6BC072E-5C65-4D21-B133-313096A2BB7B}"
EndProject
Project("{9A19103F-16F7-4668-BE54-9A1E7A4F7556}") = "MvvX.Plugins.CryptoTools", "MvvX.Plugins.CryptoTools.Platform\MvvX.Plugins.CryptoTools.csproj", "{CDB5476B-8C5A-45D2-941D-73FFE7B50369}"
EndProject
Project("{FAE04EC0-301F-11D3-BF4B-00C04F79EFBC}") = "MvvX.Plugins.CryptoTools.Tests", "MvvX.Plugins.CryptoTools.Platform.Tests\MvvX.Plugins.CryptoTools.Tests.csproj", "{85FCE7CD-2885-4CCB-8BF6-7C7C86B806A3}"
EndProject
Global
	GlobalSection(SolutionConfigurationPlatforms) = preSolution
		Debug|Any CPU = Debug|Any CPU
		Release|Any CPU = Release|Any CPU
	EndGlobalSection
	GlobalSection(ProjectConfigurationPlatforms) = postSolution
		{CDB5476B-8C5A-45D2-941D-73FFE7B50369}.Debug|Any CPU.ActiveCfg = Debug|Any CPU
		{CDB5476B-8C5A-45D2-941D-73FFE7B50369}.Debug|Any CPU.Build.0 = Debug|Any CPU
		{CDB5476B-8C5A-45D2-941D-73FFE7B50369}.Release|Any CPU.ActiveCfg = Release|Any CPU
		{CDB5476B-8C5A-45D2-941D-73FFE7B50369}.Release|Any CPU.Build.0 = Release|Any CPU
		{85FCE7CD-2885-4CCB-8BF6-7C7C86B806A3}.Debug|Any CPU.ActiveCfg = Debug|Any CPU
		{85FCE7CD-2885-4CCB-8BF6-7C7C86B806A3}.Debug|Any CPU.Build.0 = Debug|Any CPU
		{85FCE7CD-2885-4CCB-8BF6-7C7C86B806A3}.Release|Any CPU.ActiveCfg = Release|Any CPU
		{85FCE7CD-2885-4CCB-8BF6-7C7C86B806A3}.Release|Any CPU.Build.0 = Release|Any CPU
	EndGlobalSection
	GlobalSection(SolutionProperties) = preSolution
		HideSolutionNode = FALSE
	EndGlobalSection
	GlobalSection(NestedProjects) = preSolution
		{CDB5476B-8C5A-45D2-941D-73FFE7B50369} = {0F5E09A9-1DEC-4BBF-8068-A07DCFC68F1A}
		{85FCE7CD-2885-4CCB-8BF6-7C7C86B806A3} = {C6BC072E-5C65-4D21-B133-313096A2BB7B}
	EndGlobalSection
	GlobalSection(ExtensibilityGlobals) = postSolution
		SolutionGuid = {3AC10898-F346-4881-B1A1-D74A3CF3A7FA}
	EndGlobalSection
EndGlobal
